// !$*UTF8*$!
{
	archiveVersion = 1;
	classes = {
	};
	objectVersion = 50;
	objects = {

/* Begin PBXBuildFile section */
		8428B1D12203EEC600A253FF /* AppDelegate.swift in Sources */ = {isa = PBXBuildFile; fileRef = 8428B1D02203EEC600A253FF /* AppDelegate.swift */; };
		8428B1D32203EEC600A253FF /* ViewController.swift in Sources */ = {isa = PBXBuildFile; fileRef = 8428B1D22203EEC600A253FF /* ViewController.swift */; };
		8428B1D62203EEC600A253FF /* Main.storyboard in Resources */ = {isa = PBXBuildFile; fileRef = 8428B1D42203EEC600A253FF /* Main.storyboard */; };
		8428B1D92203EEC600A253FF /* ITPlayer.xcdatamodeld in Sources */ = {isa = PBXBuildFile; fileRef = 8428B1D72203EEC600A253FF /* ITPlayer.xcdatamodeld */; };
		8428B1DB2203EED700A253FF /* Assets.xcassets in Resources */ = {isa = PBXBuildFile; fileRef = 8428B1DA2203EED700A253FF /* Assets.xcassets */; };
		8428B1DE2203EED700A253FF /* LaunchScreen.storyboard in Resources */ = {isa = PBXBuildFile; fileRef = 8428B1DC2203EED700A253FF /* LaunchScreen.storyboard */; };
/* End PBXBuildFile section */

/* Begin PBXFileReference section */
		8428B1CD2203EEC600A253FF /* ITPlayer.app */ = {isa = PBXFileReference; explicitFileType = wrapper.application; includeInIndex = 0; path = ITPlayer.app; sourceTree = BUILT_PRODUCTS_DIR; };
		8428B1D02203EEC600A253FF /* AppDelegate.swift */ = {isa = PBXFileReference; lastKnownFileType = sourcecode.swift; path = AppDelegate.swift; sourceTree = "<group>"; };
		8428B1D22203EEC600A253FF /* ViewController.swift */ = {isa = PBXFileReference; lastKnownFileType = sourcecode.swift; path = ViewController.swift; sourceTree = "<group>"; };
		8428B1D52203EEC600A253FF /* Base */ = {isa = PBXFileReference; lastKnownFileType = file.storyboard; name = Base; path = Base.lproj/Main.storyboard; sourceTree = "<group>"; };
		8428B1D82203EEC600A253FF /* ITPlayer.xcdatamodel */ = {isa = PBXFileReference; lastKnownFileType = wrapper.xcdatamodel; path = ITPlayer.xcdatamodel; sourceTree = "<group>"; };
		8428B1DA2203EED700A253FF /* Assets.xcassets */ = {isa = PBXFileReference; lastKnownFileType = folder.assetcatalog; path = Assets.xcassets; sourceTree = "<group>"; };
		8428B1DD2203EED700A253FF /* Base */ = {isa = PBXFileReference; lastKnownFileType = file.storyboard; name = Base; path = Base.lproj/LaunchScreen.storyboard; sourceTree = "<group>"; };
		8428B1DF2203EED800A253FF /* Info.plist */ = {isa = PBXFileReference; lastKnownFileType = text.plist.xml; path = Info.plist; sourceTree = "<group>"; };
/* End PBXFileReference section */

/* Begin PBXFrameworksBuildPhase section */
		8428B1CA2203EEC600A253FF /* Frameworks */ = {
			isa = PBXFrameworksBuildPhase;
			buildActionMask = 2147483647;
			files = (
			);
			runOnlyForDeploymentPostprocessing = 0;
		};
/* End PBXFrameworksBuildPhase section */

/* Begin PBXGroup section */
		8428B1C42203EEC600A253FF = {
			isa = PBXGroup;
			children = (
				8428B1CF2203EEC600A253FF /* ITPlayer */,
				8428B1CE2203EEC600A253FF /* Products */,
			);
			sourceTree = "<group>";
		};
		8428B1CE2203EEC600A253FF /* Products */ = {
			isa = PBXGroup;
			children = (
				8428B1CD2203EEC600A253FF /* ITPlayer.app */,
			);
			name = Products;
			sourceTree = "<group>";
		};
		8428B1CF2203EEC600A253FF /* ITPlayer */ = {
			isa = PBXGroup;
			children = (
				8428B1D02203EEC600A253FF /* AppDelegate.swift */,
				8428B1D22203EEC600A253FF /* ViewController.swift */,
				8428B1D42203EEC600A253FF /* Main.storyboard */,
				8428B1DA2203EED700A253FF /* Assets.xcassets */,
				8428B1DC2203EED700A253FF /* LaunchScreen.storyboard */,
				8428B1DF2203EED800A253FF /* Info.plist */,
				8428B1D72203EEC600A253FF /* ITPlayer.xcdatamodeld */,
			);
			path = ITPlayer;
			sourceTree = "<group>";
		};
/* End PBXGroup section */

/* Begin PBXNativeTarget section */
		8428B1CC2203EEC600A253FF /* ITPlayer */ = {
			isa = PBXNativeTarget;
			buildConfigurationList = 8428B1E22203EED800A253FF /* Build configuration list for PBXNativeTarget "ITPlayer" */;
			buildPhases = (
				8428B1C92203EEC600A253FF /* Sources */,
				8428B1CA2203EEC600A253FF /* Frameworks */,
				8428B1CB2203EEC600A253FF /* Resources */,
			);
			buildRules = (
			);
			dependencies = (
			);
			name = ITPlayer;
			productName = ITPlayer;
			productReference = 8428B1CD2203EEC600A253FF /* ITPlayer.app */;
			productType = "com.apple.product-type.application";
		};
/* End PBXNativeTarget section */

/* Begin PBXProject section */
		8428B1C52203EEC600A253FF /* Project object */ = {
			isa = PBXProject;
			attributes = {
				LastSwiftUpdateCheck = 1010;
				LastUpgradeCheck = 1010;
				ORGANIZATIONNAME = Test;
				TargetAttributes = {
					8428B1CC2203EEC600A253FF = {
						CreatedOnToolsVersion = 10.1;
					};
				};
			};
			buildConfigurationList = 8428B1C82203EEC600A253FF /* Build configuration list for PBXProject "ITPlayer" */;
			compatibilityVersion = "Xcode 9.3";
			developmentRegion = en;
			hasScannedForEncodings = 0;
			knownRegions = (
				en,
				Base,
			);
			mainGroup = 8428B1C42203EEC600A253FF;
			productRefGroup = 8428B1CE2203EEC600A253FF /* Products */;
			projectDirPath = "";
			projectRoot = "";
			targets = (
				8428B1CC2203EEC600A253FF /* ITPlayer */,
			);
		};
/* End PBXProject section */

/* Begin PBXResourcesBuildPhase section */
		8428B1CB2203EEC600A253FF /* Resources */ = {
			isa = PBXResourcesBuildPhase;
			buildActionMask = 2147483647;
			files = (
				8428B1DE2203EED700A253FF /* LaunchScreen.storyboard in Resources */,
				8428B1DB2203EED700A253FF /* Assets.xcassets in Resources */,
				8428B1D62203EEC600A253FF /* Main.storyboard in Resources */,
			);
			runOnlyForDeploymentPostprocessing = 0;
		};
/* End PBXResourcesBuildPhase section */

/* Begin PBXSourcesBuildPhase section */
		8428B1C92203EEC600A253FF /* Sources */ = {
			isa = PBXSourcesBuildPhase;
			buildActionMask = 2147483647;
			files = (
				8428B1D92203EEC600A253FF /* ITPlayer.xcdatamodeld in Sources */,
				8428B1D32203EEC600A253FF /* ViewController.swift in Sources */,
				8428B1D12203EEC600A253FF /* AppDelegate.swift in Sources */,
			);
			runOnlyForDeploymentPostprocessing = 0;
		};
/* End PBXSourcesBuildPhase section */

/* Begin PBXVariantGroup section */
		8428B1D42203EEC600A253FF /* Main.storyboard */ = {
			isa = PBXVariantGroup;
			children = (
				8428B1D52203EEC600A253FF /* Base */,
			);
			name = Main.storyboard;
			sourceTree = "<group>";
		};
		8428B1DC2203EED700A253FF /* LaunchScreen.storyboard */ = {
			isa = PBXVariantGroup;
			children = (
				8428B1DD2203EED700A253FF /* Base */,
			);
			name = LaunchScreen.storyboard;
			sourceTree = "<group>";
		};
/* End PBXVariantGroup section */

/* Begin XCBuildConfiguration section */
		8428B1E02203EED800A253FF /* Debug */ = {
			isa = XCBuildConfiguration;
			buildSettings = {
				ALWAYS_SEARCH_USER_PATHS = NO;
				CLANG_ANALYZER_NONNULL = YES;
				CLANG_ANALYZER_NUMBER_OBJECT_CONVERSION = YES_AGGRESSIVE;
				CLANG_CXX_LANGUAGE_STANDARD = "gnu++14";
				CLANG_CXX_LIBRARY = "libc++";
				CLANG_ENABLE_MODULES = YES;
				CLANG_ENABLE_OBJC_ARC = YES;
				CLANG_ENABLE_OBJC_WEAK = YES;
				CLANG_WARN_BLOCK_CAPTURE_AUTORELEASING = YES;
				CLANG_WARN_BOOL_CONVERSION = YES;
				CLANG_WARN_COMMA = YES;
				CLANG_WARN_CONSTANT_CONVERSION = YES;
				CLANG_WARN_DEPRECATED_OBJC_IMPLEMENTATIONS = YES;
				CLANG_WARN_DIRECT_OBJC_ISA_USAGE = YES_ERROR;
				CLANG_WARN_DOCUMENTATION_COMMENTS = YES;
				CLANG_WARN_EMPTY_BODY = YES;
				CLANG_WARN_ENUM_CONVERSION = YES;
				CLANG_WARN_INFINITE_RECURSION = YES;
				CLANG_WARN_INT_CONVERSION = YES;
				CLANG_WARN_NON_LITERAL_NULL_CONVERSION = YES;
				CLANG_WARN_OBJC_IMPLICIT_RETAIN_SELF = YES;
				CLANG_WARN_OBJC_LITERAL_CONVERSION = YES;
				CLANG_WARN_OBJC_ROOT_CLASS = YES_ERROR;
				CLANG_WARN_RANGE_LOOP_ANALYSIS = YES;
				CLANG_WARN_STRICT_PROTOTYPES = YES;
				CLANG_WARN_SUSPICIOUS_MOVE = YES;
				CLANG_WARN_UNGUARDED_AVAILABILITY = YES_AGGRESSIVE;
				CLANG_WARN_UNREACHABLE_CODE = YES;
				CLANG_WARN__DUPLICATE_METHOD_MATCH = YES;
				CODE_SIGN_IDENTITY = "iPhone Developer";
				COPY_PHASE_STRIP = NO;
				DEBUG_INFORMATION_FORMAT = dwarf;
				ENABLE_STRICT_OBJC_MSGSEND = YES;
				ENABLE_TESTABILITY = YES;
				GCC_C_LANGUAGE_STANDARD = gnu11;
				GCC_DYNAMIC_NO_PIC = NO;
				GCC_NO_COMMON_BLOCKS = YES;
				GCC_OPTIMIZATION_LEVEL = 0;
				GCC_PREPROCESSOR_DEFINITIONS = (
					"DEBUG=1",
					"$(inherited)",
				);
				GCC_WARN_64_TO_32_BIT_CONVERSION = YES;
				GCC_WARN_ABOUT_RETURN_TYPE = YES_ERROR;
				GCC_WARN_UNDECLARED_SELECTOR = YES;
				GCC_WARN_UNINITIALIZED_AUTOS = YES_AGGRESSIVE;
				GCC_WARN_UNUSED_FUNCTION = YES;
				GCC_WARN_UNUSED_VARIABLE = YES;
				IPHONEOS_DEPLOYMENT_TARGET = 12.1;
				MTL_ENABLE_DEBUG_INFO = INCLUDE_SOURCE;
				MTL_FAST_MATH = YES;
				ONLY_ACTIVE_ARCH = YES;
				SDKROOT = iphoneos;
				SWIFT_ACTIVE_COMPILATION_CONDITIONS = DEBUG;
				SWIFT_OPTIMIZATION_LEVEL = "-Onone";
			};
			name = Debug;
		};
		8428B1E12203EED800A253FF /* Release */ = {
			isa = XCBuildConfiguration;
			buildSettings = {
				ALWAYS_SEARCH_USER_PATHS = NO;
				CLANG_ANALYZER_NONNULL = YES;
				CLANG_ANALYZER_NUMBER_OBJECT_CONVERSION = YES_AGGRESSIVE;
				CLANG_CXX_LANGUAGE_STANDARD = "gnu++14";
				CLANG_CXX_LIBRARY = "libc++";
				CLANG_ENABLE_MODULES = YES;
				CLANG_ENABLE_OBJC_ARC = YES;
				CLANG_ENABLE_OBJC_WEAK = YES;
				CLANG_WARN_BLOCK_CAPTURE_AUTORELEASING = YES;
				CLANG_WARN_BOOL_CONVERSION = YES;
				CLANG_WARN_COMMA = YES;
				CLANG_WARN_CONSTANT_CONVERSION = YES;
				CLANG_WARN_DEPRECATED_OBJC_IMPLEMENTATIONS = YES;
				CLANG_WARN_DIRECT_OBJC_ISA_USAGE = YES_ERROR;
				CLANG_WARN_DOCUMENTATION_COMMENTS = YES;
				CLANG_WARN_EMPTY_BODY = YES;
				CLANG_WARN_ENUM_CONVERSION = YES;
				CLANG_WARN_INFINITE_RECURSION = YES;
				CLANG_WARN_INT_CONVERSION = YES;
				CLANG_WARN_NON_LITERAL_NULL_CONVERSION = YES;
				CLANG_WARN_OBJC_IMPLICIT_RETAIN_SELF = YES;
				CLANG_WARN_OBJC_LITERAL_CONVERSION = YES;
				CLANG_WARN_OBJC_ROOT_CLASS = YES_ERROR;
				CLANG_WARN_RANGE_LOOP_ANALYSIS = YES;
				CLANG_WARN_STRICT_PROTOTYPES = YES;
				CLANG_WARN_SUSPICIOUS_MOVE = YES;
				CLANG_WARN_UNGUARDED_AVAILABILITY = YES_AGGRESSIVE;
				CLANG_WARN_UNREACHABLE_CODE = YES;
				CLANG_WARN__DUPLICATE_METHOD_MATCH = YES;
				CODE_SIGN_IDENTITY = "iPhone Developer";
				COPY_PHASE_STRIP = NO;
				DEBUG_INFORMATION_FORMAT = "dwarf-with-dsym";
				ENABLE_NS_ASSERTIONS = NO;
				ENABLE_STRICT_OBJC_MSGSEND = YES;
				GCC_C_LANGUAGE_STANDARD = gnu11;
				GCC_NO_COMMON_BLOCKS = YES;
				GCC_WARN_64_TO_32_BIT_CONVERSION = YES;
				GCC_WARN_ABOUT_RETURN_TYPE = YES_ERROR;
				GCC_WARN_UNDECLARED_SELECTOR = YES;
				GCC_WARN_UNINITIALIZED_AUTOS = YES_AGGRESSIVE;
				GCC_WARN_UNUSED_FUNCTION = YES;
				GCC_WARN_UNUSED_VARIABLE = YES;
				IPHONEOS_DEPLOYMENT_TARGET = 12.1;
				MTL_ENABLE_DEBUG_INFO = NO;
				MTL_FAST_MATH = YES;
				SDKROOT = iphoneos;
				SWIFT_COMPILATION_MODE = wholemodule;
				SWIFT_OPTIMIZATION_LEVEL = "-O";
				VALIDATE_PRODUCT = YES;
			};
			name = Release;
		};
		8428B1E32203EED800A253FF /* Debug */ = {
			isa = XCBuildConfiguration;
			buildSettings = {
				ASSETCATALOG_COMPILER_APPICON_NAME = AppIcon;
				CODE_SIGN_STYLE = Automatic;
				DEVELOPMENT_TEAM = R56ZAL6449;
				INFOPLIST_FILE = ITPlayer/Info.plist;
				LD_RUNPATH_SEARCH_PATHS = (
					"$(inherited)",
					"@executable_path/Frameworks",
				);
				PRODUCT_BUNDLE_IDENTIFIER = TEST.ITPlayer;
				PRODUCT_NAME = "$(TARGET_NAME)";
				SWIFT_VERSION = 4.2;
				TARGETED_DEVICE_FAMILY = "1,2";
			};
			name = Debug;
		};
		8428B1E42203EED800A253FF /* Release */ = {
			isa = XCBuildConfiguration;
			buildSettings = {
				ASSETCATALOG_COMPILER_APPICON_NAME = AppIcon;
				CODE_SIGN_STYLE = Automatic;
				DEVELOPMENT_TEAM = R56ZAL6449;
				INFOPLIST_FILE = ITPlayer/Info.plist;
				LD_RUNPATH_SEARCH_PATHS = (
					"$(inherited)",
					"@executable_path/Frameworks",
				);
				PRODUCT_BUNDLE_IDENTIFIER = TEST.ITPlayer;
				PRODUCT_NAME = "$(TARGET_NAME)";
				SWIFT_VERSION = 4.2;
				TARGETED_DEVICE_FAMILY = "1,2";
			};
			name = Release;
		};
/* End XCBuildConfiguration section */

/* Begin XCConfigurationList section */
		8428B1C82203EEC600A253FF /* Build configuration list for PBXProject "ITPlayer" */ = {
			isa = XCConfigurationList;
			buildConfigurations = (
				8428B1E02203EED800A253FF /* Debug */,
				8428B1E12203EED800A253FF /* Release */,
			);
			defaultConfigurationIsVisible = 0;
			defaultConfigurationName = Release;
		};
		8428B1E22203EED800A253FF /* Build configuration list for PBXNativeTarget "ITPlayer" */ = {
			isa = XCConfigurationList;
			buildConfigurations = (
				8428B1E32203EED800A253FF /* Debug */,
				8428B1E42203EED800A253FF /* Release */,
			);
			defaultConfigurationIsVisible = 0;
			defaultConfigurationName = Release;
		};
/* End XCConfigurationList section */

/* Begin XCVersionGroup section */
		8428B1D72203EEC600A253FF /* ITPlayer.xcdatamodeld */ = {
			isa = XCVersionGroup;
			children = (
				8428B1D82203EEC600A253FF /* ITPlayer.xcdatamodel */,
			);
			currentVersion = 8428B1D82203EEC600A253FF /* ITPlayer.xcdatamodel */;
			path = ITPlayer.xcdatamodeld;
			sourceTree = "<group>";
			versionGroupType = wrapper.xcdatamodel;
		};
/* End XCVersionGroup section */
	};
	rootObject = 8428B1C52203EEC600A253FF /* Project object */;
}
